
Microsoft Visual Studio Solution File, Format Version 12.00
Project("{FAE04EC0-301F-11D3-BF4B-00C04F79EFBC}") = "General", "src\General.csproj", "{EEE54449-7DEE-42E9-BDFA-C22666090B70}"
EndProject
Project("{FAE04EC0-301F-11D3-BF4B-00C04F79EFBC}") = "General.Test.Unit", "test\unit\General.Test.Unit.csproj", "{9E6FD658-DD1B-4C26-A0D8-3362010CFF77}"
EndProject
Project("{2150E333-8FDC-42A3-9474-1A3956D46DE8}") = "Solution Items", "Solution Items", "{18A9D082-D10F-4D45-B22A-2304E39CF20E}"
	ProjectSection(SolutionItems) = preProject
		.gitignore = .gitignore
		.gitlab-ci.yml = .gitlab-ci.yml
		CHANGELOG.txt = CHANGELOG.txt
		CONTRIBUTING.md = CONTRIBUTING.md
		Icon.png = Icon.png
		LICENSE.txt = LICENSE.txt
		README.md = README.md
		ReleaseNotes.md = ReleaseNotes.md
	EndProjectSection
EndProject
Global
	GlobalSection(SolutionConfigurationPlatforms) = preSolution
		Debug|Any CPU = Debug|Any CPU
		Release|Any CPU = Release|Any CPU
	EndGlobalSection
	GlobalSection(ProjectConfigurationPlatforms) = postSolution
		{EEE54449-7DEE-42E9-BDFA-C22666090B70}.Debug|Any CPU.ActiveCfg = Debug|Any CPU
		{EEE54449-7DEE-42E9-BDFA-C22666090B70}.Debug|Any CPU.Build.0 = Debug|Any CPU
		{EEE54449-7DEE-42E9-BDFA-C22666090B70}.Release|Any CPU.ActiveCfg = Release|Any CPU
		{EEE54449-7DEE-42E9-BDFA-C22666090B70}.Release|Any CPU.Build.0 = Release|Any CPU
		{9E6FD658-DD1B-4C26-A0D8-3362010CFF77}.Debug|Any CPU.ActiveCfg = Debug|Any CPU
		{9E6FD658-DD1B-4C26-A0D8-3362010CFF77}.Debug|Any CPU.Build.0 = Debug|Any CPU
		{9E6FD658-DD1B-4C26-A0D8-3362010CFF77}.Release|Any CPU.ActiveCfg = Release|Any CPU
		{9E6FD658-DD1B-4C26-A0D8-3362010CFF77}.Release|Any CPU.Build.0 = Release|Any CPU
	EndGlobalSection
EndGlobal
